
Microsoft Visual Studio Solution File, Format Version 12.00
# Visual Studio Version 16
VisualStudioVersion = 16.0.31424.327
MinimumVisualStudioVersion = 10.0.40219.1
Project("{FAE04EC0-301F-11D3-BF4B-00C04F79EFBC}") = "ARMDataManager", "ARMDataManager\ARMDataManager.csproj", "{20FE39EE-EF30-44D3-8898-7D8322F3BE52}"
EndProject
Global
	GlobalSection(SolutionConfigurationPlatforms) = preSolution
		Debug|Any CPU = Debug|Any CPU
		Release|Any CPU = Release|Any CPU
	EndGlobalSection
	GlobalSection(ProjectConfigurationPlatforms) = postSolution
		{20FE39EE-EF30-44D3-8898-7D8322F3BE52}.Debug|Any CPU.ActiveCfg = Debug|Any CPU
		{20FE39EE-EF30-44D3-8898-7D8322F3BE52}.Debug|Any CPU.Build.0 = Debug|Any CPU
		{20FE39EE-EF30-44D3-8898-7D8322F3BE52}.Release|Any CPU.ActiveCfg = Release|Any CPU
		{20FE39EE-EF30-44D3-8898-7D8322F3BE52}.Release|Any CPU.Build.0 = Release|Any CPU
	EndGlobalSection
	GlobalSection(SolutionProperties) = preSolution
		HideSolutionNode = FALSE
	EndGlobalSection
	GlobalSection(ExtensibilityGlobals) = postSolution
		SolutionGuid = {9D47D478-1CF7-4092-AF74-4467A6B70E42}
	EndGlobalSection
EndGlobal
